
Microsoft Visual Studio Solution File, Format Version 12.00
# Visual Studio Version 17
VisualStudioVersion = 17.0.32014.148
MinimumVisualStudioVersion = 10.0.40219.1
Project("{FAE04EC0-301F-11D3-BF4B-00C04F79EFBC}") = "ADO.NET-CRUDConsoleApp", "ADO.NET-CRUDConsoleApp\ADO.NET-CRUDConsoleApp.csproj", "{EDF637C7-680A-43FB-8A16-5B27B454929A}"
EndProject
Global
	GlobalSection(SolutionConfigurationPlatforms) = preSolution
		Debug|Any CPU = Debug|Any CPU
		Release|Any CPU = Release|Any CPU
	EndGlobalSection
	GlobalSection(ProjectConfigurationPlatforms) = postSolution
		{EDF637C7-680A-43FB-8A16-5B27B454929A}.Debug|Any CPU.ActiveCfg = Debug|Any CPU
		{EDF637C7-680A-43FB-8A16-5B27B454929A}.Debug|Any CPU.Build.0 = Debug|Any CPU
		{EDF637C7-680A-43FB-8A16-5B27B454929A}.Release|Any CPU.ActiveCfg = Release|Any CPU
		{EDF637C7-680A-43FB-8A16-5B27B454929A}.Release|Any CPU.Build.0 = Release|Any CPU
	EndGlobalSection
	GlobalSection(SolutionProperties) = preSolution
		HideSolutionNode = FALSE
	EndGlobalSection
	GlobalSection(ExtensibilityGlobals) = postSolution
		SolutionGuid = {59FB475E-64A8-408E-B4C3-60DDF2006357}
	EndGlobalSection
EndGlobal
